
Microsoft Visual Studio Solution File, Format Version 12.00
# Visual Studio Version 17
VisualStudioVersion = 17.1.32210.238
MinimumVisualStudioVersion = 10.0.40219.1
Project("{9A19103F-16F7-4668-BE54-9A1E7A4F7556}") = "DemoLambda", "DemoLambda\DemoLambda.csproj", "{0D0482AD-00F6-4C1D-99AB-F8BF738666CE}"
EndProject
Project("{9A19103F-16F7-4668-BE54-9A1E7A4F7556}") = "DemoLambda.Tests", "DemoLambda.Tests\DemoLambda.Tests.csproj", "{8D72D6BF-7E82-4956-8D0D-B34539E6D317}"
EndProject
Global
	GlobalSection(SolutionConfigurationPlatforms) = preSolution
		Debug|Any CPU = Debug|Any CPU
		Release|Any CPU = Release|Any CPU
	EndGlobalSection
	GlobalSection(ProjectConfigurationPlatforms) = postSolution
		{0D0482AD-00F6-4C1D-99AB-F8BF738666CE}.Debug|Any CPU.ActiveCfg = Debug|Any CPU
		{0D0482AD-00F6-4C1D-99AB-F8BF738666CE}.Debug|Any CPU.Build.0 = Debug|Any CPU
		{0D0482AD-00F6-4C1D-99AB-F8BF738666CE}.Release|Any CPU.ActiveCfg = Release|Any CPU
		{0D0482AD-00F6-4C1D-99AB-F8BF738666CE}.Release|Any CPU.Build.0 = Release|Any CPU
		{8D72D6BF-7E82-4956-8D0D-B34539E6D317}.Debug|Any CPU.ActiveCfg = Debug|Any CPU
		{8D72D6BF-7E82-4956-8D0D-B34539E6D317}.Debug|Any CPU.Build.0 = Debug|Any CPU
		{8D72D6BF-7E82-4956-8D0D-B34539E6D317}.Release|Any CPU.ActiveCfg = Release|Any CPU
		{8D72D6BF-7E82-4956-8D0D-B34539E6D317}.Release|Any CPU.Build.0 = Release|Any CPU
	EndGlobalSection
	GlobalSection(SolutionProperties) = preSolution
		HideSolutionNode = FALSE
	EndGlobalSection
	GlobalSection(ExtensibilityGlobals) = postSolution
		SolutionGuid = {C697A499-47DC-47D4-8B52-0BA5202532F7}
	EndGlobalSection
EndGlobal
